
Microsoft Visual Studio Solution File, Format Version 12.00
# Visual Studio 14
VisualStudioVersion = 14.0.25420.1
MinimumVisualStudioVersion = 10.0.40219.1
Project("{FAE04EC0-301F-11D3-BF4B-00C04F79EFBC}") = "TTOS0200-LABRA-4", "TTOS0200-LABRA-4\TTOS0200-LABRA-4.csproj", "{4CE111BD-6C90-4E63-AEC2-7FE2E5114DCA}"
EndProject
Project("{FAE04EC0-301F-11D3-BF4B-00C04F79EFBC}") = "Tehtava1", "Tehtava1\Tehtava1.csproj", "{7CE66FEA-CAE6-46AA-9E8A-CA81ABD4DEB8}"
EndProject
Project("{FAE04EC0-301F-11D3-BF4B-00C04F79EFBC}") = "Tehtava2", "Tehtava2\Tehtava2.csproj", "{ED86B7F8-C408-4EFA-93DE-D03571E0C861}"
EndProject
Project("{FAE04EC0-301F-11D3-BF4B-00C04F79EFBC}") = "Tehtava3", "Tehtava3\Tehtava3.csproj", "{9B4C2180-C4DD-45AA-AE91-146B9F208B8D}"
EndProject
Project("{FAE04EC0-301F-11D3-BF4B-00C04F79EFBC}") = "Tehtava5", "Tehtava5\Tehtava5.csproj", "{0EE99A9E-EE93-4157-993C-D5DA352F4E69}"
EndProject
Project("{FAE04EC0-301F-11D3-BF4B-00C04F79EFBC}") = "Tehtava6", "Tehtava6\Tehtava6.csproj", "{79483C87-F828-4669-9F0E-CEB7BC2CFC9E}"
EndProject
Project("{FAE04EC0-301F-11D3-BF4B-00C04F79EFBC}") = "Tehtava7", "Tehtava7\Tehtava7.csproj", "{6AB7657B-0EAF-4AD8-B3C1-641959AEA6CA}"
EndProject
Project("{FAE04EC0-301F-11D3-BF4B-00C04F79EFBC}") = "Tehtava4", "Tehtava4\Tehtava4.csproj", "{66228913-2529-49F7-B73C-799BB6EE2388}"
EndProject
Global
	GlobalSection(SolutionConfigurationPlatforms) = preSolution
		Debug|Any CPU = Debug|Any CPU
		Release|Any CPU = Release|Any CPU
	EndGlobalSection
	GlobalSection(ProjectConfigurationPlatforms) = postSolution
		{4CE111BD-6C90-4E63-AEC2-7FE2E5114DCA}.Debug|Any CPU.ActiveCfg = Debug|Any CPU
		{4CE111BD-6C90-4E63-AEC2-7FE2E5114DCA}.Debug|Any CPU.Build.0 = Debug|Any CPU
		{4CE111BD-6C90-4E63-AEC2-7FE2E5114DCA}.Release|Any CPU.ActiveCfg = Release|Any CPU
		{4CE111BD-6C90-4E63-AEC2-7FE2E5114DCA}.Release|Any CPU.Build.0 = Release|Any CPU
		{7CE66FEA-CAE6-46AA-9E8A-CA81ABD4DEB8}.Debug|Any CPU.ActiveCfg = Debug|Any CPU
		{7CE66FEA-CAE6-46AA-9E8A-CA81ABD4DEB8}.Debug|Any CPU.Build.0 = Debug|Any CPU
		{7CE66FEA-CAE6-46AA-9E8A-CA81ABD4DEB8}.Release|Any CPU.ActiveCfg = Release|Any CPU
		{7CE66FEA-CAE6-46AA-9E8A-CA81ABD4DEB8}.Release|Any CPU.Build.0 = Release|Any CPU
		{ED86B7F8-C408-4EFA-93DE-D03571E0C861}.Debug|Any CPU.ActiveCfg = Debug|Any CPU
		{ED86B7F8-C408-4EFA-93DE-D03571E0C861}.Debug|Any CPU.Build.0 = Debug|Any CPU
		{ED86B7F8-C408-4EFA-93DE-D03571E0C861}.Release|Any CPU.ActiveCfg = Release|Any CPU
		{ED86B7F8-C408-4EFA-93DE-D03571E0C861}.Release|Any CPU.Build.0 = Release|Any CPU
		{9B4C2180-C4DD-45AA-AE91-146B9F208B8D}.Debug|Any CPU.ActiveCfg = Debug|Any CPU
		{9B4C2180-C4DD-45AA-AE91-146B9F208B8D}.Debug|Any CPU.Build.0 = Debug|Any CPU
		{9B4C2180-C4DD-45AA-AE91-146B9F208B8D}.Release|Any CPU.ActiveCfg = Release|Any CPU
		{9B4C2180-C4DD-45AA-AE91-146B9F208B8D}.Release|Any CPU.Build.0 = Release|Any CPU
		{0EE99A9E-EE93-4157-993C-D5DA352F4E69}.Debug|Any CPU.ActiveCfg = Debug|Any CPU
		{0EE99A9E-EE93-4157-993C-D5DA352F4E69}.Debug|Any CPU.Build.0 = Debug|Any CPU
		{0EE99A9E-EE93-4157-993C-D5DA352F4E69}.Release|Any CPU.ActiveCfg = Release|Any CPU
		{0EE99A9E-EE93-4157-993C-D5DA352F4E69}.Release|Any CPU.Build.0 = Release|Any CPU
		{79483C87-F828-4669-9F0E-CEB7BC2CFC9E}.Debug|Any CPU.ActiveCfg = Debug|Any CPU
		{79483C87-F828-4669-9F0E-CEB7BC2CFC9E}.Debug|Any CPU.Build.0 = Debug|Any CPU
		{79483C87-F828-4669-9F0E-CEB7BC2CFC9E}.Release|Any CPU.ActiveCfg = Release|Any CPU
		{79483C87-F828-4669-9F0E-CEB7BC2CFC9E}.Release|Any CPU.Build.0 = Release|Any CPU
		{6AB7657B-0EAF-4AD8-B3C1-641959AEA6CA}.Debug|Any CPU.ActiveCfg = Debug|Any CPU
		{6AB7657B-0EAF-4AD8-B3C1-641959AEA6CA}.Debug|Any CPU.Build.0 = Debug|Any CPU
		{6AB7657B-0EAF-4AD8-B3C1-641959AEA6CA}.Release|Any CPU.ActiveCfg = Release|Any CPU
		{6AB7657B-0EAF-4AD8-B3C1-641959AEA6CA}.Release|Any CPU.Build.0 = Release|Any CPU
		{66228913-2529-49F7-B73C-799BB6EE2388}.Debug|Any CPU.ActiveCfg = Debug|Any CPU
		{66228913-2529-49F7-B73C-799BB6EE2388}.Debug|Any CPU.Build.0 = Debug|Any CPU
		{66228913-2529-49F7-B73C-799BB6EE2388}.Release|Any CPU.ActiveCfg = Release|Any CPU
		{66228913-2529-49F7-B73C-799BB6EE2388}.Release|Any CPU.Build.0 = Release|Any CPU
	EndGlobalSection
	GlobalSection(SolutionProperties) = preSolution
		HideSolutionNode = FALSE
	EndGlobalSection
EndGlobal
